
Microsoft Visual Studio Solution File, Format Version 12.00
# Visual Studio 15
VisualStudioVersion = 15.0.28307.438
MinimumVisualStudioVersion = 10.0.40219.1
Project("{8BC9CEB8-8B4A-11D0-8D11-00A0C91BC942}") = "sample_graph", "sample_graph\sample_graph.vcxproj", "{379B08FD-B509-4D3D-A046-155F6FDF1D8A}"
EndProject
Global
	GlobalSection(SolutionConfigurationPlatforms) = preSolution
		Debug|x64 = Debug|x64
		Debug|x86 = Debug|x86
		Release|x64 = Release|x64
		Release|x86 = Release|x86
	EndGlobalSection
	GlobalSection(ProjectConfigurationPlatforms) = postSolution
		{379B08FD-B509-4D3D-A046-155F6FDF1D8A}.Debug|x64.ActiveCfg = Debug|x64
		{379B08FD-B509-4D3D-A046-155F6FDF1D8A}.Debug|x64.Build.0 = Debug|x64
		{379B08FD-B509-4D3D-A046-155F6FDF1D8A}.Debug|x86.ActiveCfg = Debug|Win32
		{379B08FD-B509-4D3D-A046-155F6FDF1D8A}.Debug|x86.Build.0 = Debug|Win32
		{379B08FD-B509-4D3D-A046-155F6FDF1D8A}.Release|x64.ActiveCfg = Release|x64
		{379B08FD-B509-4D3D-A046-155F6FDF1D8A}.Release|x64.Build.0 = Release|x64
		{379B08FD-B509-4D3D-A046-155F6FDF1D8A}.Release|x86.ActiveCfg = Release|Win32
		{379B08FD-B509-4D3D-A046-155F6FDF1D8A}.Release|x86.Build.0 = Release|Win32
	EndGlobalSection
	GlobalSection(SolutionProperties) = preSolution
		HideSolutionNode = FALSE
	EndGlobalSection
	GlobalSection(ExtensibilityGlobals) = postSolution
		SolutionGuid = {A694931B-DAFD-4C11-AED2-DE1B0F82D38D}
	EndGlobalSection
EndGlobal
