
Microsoft Visual Studio Solution File, Format Version 12.00
# Visual Studio 15
VisualStudioVersion = 15.0.28307.438
MinimumVisualStudioVersion = 10.0.40219.1
Project("{8BC9CEB8-8B4A-11D0-8D11-00A0C91BC942}") = "5.37", "5.37\5.37.vcxproj", "{035E2E16-8056-4360-A3F7-6E14E5207410}"
EndProject
Global
	GlobalSection(SolutionConfigurationPlatforms) = preSolution
		Debug|x64 = Debug|x64
		Debug|x86 = Debug|x86
		Release|x64 = Release|x64
		Release|x86 = Release|x86
	EndGlobalSection
	GlobalSection(ProjectConfigurationPlatforms) = postSolution
		{035E2E16-8056-4360-A3F7-6E14E5207410}.Debug|x64.ActiveCfg = Debug|x64
		{035E2E16-8056-4360-A3F7-6E14E5207410}.Debug|x64.Build.0 = Debug|x64
		{035E2E16-8056-4360-A3F7-6E14E5207410}.Debug|x86.ActiveCfg = Debug|Win32
		{035E2E16-8056-4360-A3F7-6E14E5207410}.Debug|x86.Build.0 = Debug|Win32
		{035E2E16-8056-4360-A3F7-6E14E5207410}.Release|x64.ActiveCfg = Release|x64
		{035E2E16-8056-4360-A3F7-6E14E5207410}.Release|x64.Build.0 = Release|x64
		{035E2E16-8056-4360-A3F7-6E14E5207410}.Release|x86.ActiveCfg = Release|Win32
		{035E2E16-8056-4360-A3F7-6E14E5207410}.Release|x86.Build.0 = Release|Win32
	EndGlobalSection
	GlobalSection(SolutionProperties) = preSolution
		HideSolutionNode = FALSE
	EndGlobalSection
	GlobalSection(ExtensibilityGlobals) = postSolution
		SolutionGuid = {A8459553-834F-47C9-B87B-54644E32AAEE}
	EndGlobalSection
EndGlobal
