
Microsoft Visual Studio Solution File, Format Version 12.00
# Visual Studio 15
VisualStudioVersion = 15.0.28307.438
MinimumVisualStudioVersion = 10.0.40219.1
Project("{8BC9CEB8-8B4A-11D0-8D11-00A0C91BC942}") = "9.29", "9.29\9.29.vcxproj", "{0FC32EFD-C957-425C-9200-D38A4A54D304}"
EndProject
Global
	GlobalSection(SolutionConfigurationPlatforms) = preSolution
		Debug|x64 = Debug|x64
		Debug|x86 = Debug|x86
		Release|x64 = Release|x64
		Release|x86 = Release|x86
	EndGlobalSection
	GlobalSection(ProjectConfigurationPlatforms) = postSolution
		{0FC32EFD-C957-425C-9200-D38A4A54D304}.Debug|x64.ActiveCfg = Debug|x64
		{0FC32EFD-C957-425C-9200-D38A4A54D304}.Debug|x64.Build.0 = Debug|x64
		{0FC32EFD-C957-425C-9200-D38A4A54D304}.Debug|x86.ActiveCfg = Debug|Win32
		{0FC32EFD-C957-425C-9200-D38A4A54D304}.Debug|x86.Build.0 = Debug|Win32
		{0FC32EFD-C957-425C-9200-D38A4A54D304}.Release|x64.ActiveCfg = Release|x64
		{0FC32EFD-C957-425C-9200-D38A4A54D304}.Release|x64.Build.0 = Release|x64
		{0FC32EFD-C957-425C-9200-D38A4A54D304}.Release|x86.ActiveCfg = Release|Win32
		{0FC32EFD-C957-425C-9200-D38A4A54D304}.Release|x86.Build.0 = Release|Win32
	EndGlobalSection
	GlobalSection(SolutionProperties) = preSolution
		HideSolutionNode = FALSE
	EndGlobalSection
	GlobalSection(ExtensibilityGlobals) = postSolution
		SolutionGuid = {54E150A8-4267-436C-B9C8-A97C1049CF71}
	EndGlobalSection
EndGlobal
