
Microsoft Visual Studio Solution File, Format Version 12.00
# Visual Studio 15
VisualStudioVersion = 15.0.28307.438
MinimumVisualStudioVersion = 10.0.40219.1
Project("{8BC9CEB8-8B4A-11D0-8D11-00A0C91BC942}") = "5.27", "5.27\5.27.vcxproj", "{A01FFD7E-82E9-4FF8-B80E-D9288FA0CDED}"
EndProject
Global
	GlobalSection(SolutionConfigurationPlatforms) = preSolution
		Debug|x64 = Debug|x64
		Debug|x86 = Debug|x86
		Release|x64 = Release|x64
		Release|x86 = Release|x86
	EndGlobalSection
	GlobalSection(ProjectConfigurationPlatforms) = postSolution
		{A01FFD7E-82E9-4FF8-B80E-D9288FA0CDED}.Debug|x64.ActiveCfg = Debug|x64
		{A01FFD7E-82E9-4FF8-B80E-D9288FA0CDED}.Debug|x64.Build.0 = Debug|x64
		{A01FFD7E-82E9-4FF8-B80E-D9288FA0CDED}.Debug|x86.ActiveCfg = Debug|Win32
		{A01FFD7E-82E9-4FF8-B80E-D9288FA0CDED}.Debug|x86.Build.0 = Debug|Win32
		{A01FFD7E-82E9-4FF8-B80E-D9288FA0CDED}.Release|x64.ActiveCfg = Release|x64
		{A01FFD7E-82E9-4FF8-B80E-D9288FA0CDED}.Release|x64.Build.0 = Release|x64
		{A01FFD7E-82E9-4FF8-B80E-D9288FA0CDED}.Release|x86.ActiveCfg = Release|Win32
		{A01FFD7E-82E9-4FF8-B80E-D9288FA0CDED}.Release|x86.Build.0 = Release|Win32
	EndGlobalSection
	GlobalSection(SolutionProperties) = preSolution
		HideSolutionNode = FALSE
	EndGlobalSection
	GlobalSection(ExtensibilityGlobals) = postSolution
		SolutionGuid = {C73C568F-DC96-4727-BBE1-2F78EC6C08B6}
	EndGlobalSection
EndGlobal
