
Microsoft Visual Studio Solution File, Format Version 12.00
# Visual Studio 15
VisualStudioVersion = 15.0.28307.438
MinimumVisualStudioVersion = 10.0.40219.1
Project("{8BC9CEB8-8B4A-11D0-8D11-00A0C91BC942}") = "9.35", "9.35\9.35.vcxproj", "{FB0726C0-DFD6-46B6-A19B-11DD8317B3AE}"
EndProject
Global
	GlobalSection(SolutionConfigurationPlatforms) = preSolution
		Debug|x64 = Debug|x64
		Debug|x86 = Debug|x86
		Release|x64 = Release|x64
		Release|x86 = Release|x86
	EndGlobalSection
	GlobalSection(ProjectConfigurationPlatforms) = postSolution
		{FB0726C0-DFD6-46B6-A19B-11DD8317B3AE}.Debug|x64.ActiveCfg = Debug|x64
		{FB0726C0-DFD6-46B6-A19B-11DD8317B3AE}.Debug|x64.Build.0 = Debug|x64
		{FB0726C0-DFD6-46B6-A19B-11DD8317B3AE}.Debug|x86.ActiveCfg = Debug|Win32
		{FB0726C0-DFD6-46B6-A19B-11DD8317B3AE}.Debug|x86.Build.0 = Debug|Win32
		{FB0726C0-DFD6-46B6-A19B-11DD8317B3AE}.Release|x64.ActiveCfg = Release|x64
		{FB0726C0-DFD6-46B6-A19B-11DD8317B3AE}.Release|x64.Build.0 = Release|x64
		{FB0726C0-DFD6-46B6-A19B-11DD8317B3AE}.Release|x86.ActiveCfg = Release|Win32
		{FB0726C0-DFD6-46B6-A19B-11DD8317B3AE}.Release|x86.Build.0 = Release|Win32
	EndGlobalSection
	GlobalSection(SolutionProperties) = preSolution
		HideSolutionNode = FALSE
	EndGlobalSection
	GlobalSection(ExtensibilityGlobals) = postSolution
		SolutionGuid = {51A612C1-A581-420A-8477-4ABD5881BDD7}
	EndGlobalSection
EndGlobal
